
Microsoft Visual Studio Solution File, Format Version 12.00
# Visual Studio Version 16
VisualStudioVersion = 16.0.31910.168
MinimumVisualStudioVersion = 10.0.40219.1
Project("{8BC9CEB8-8B4A-11D0-8D11-00A0C91BC942}") = "Repititive PF", "Repititive PF.vcxproj", "{AD0A5A43-D377-450D-9364-599F59ED02BD}"
EndProject
Global
	GlobalSection(SolutionConfigurationPlatforms) = preSolution
		Debug|x64 = Debug|x64
		Debug|x86 = Debug|x86
		Release|x64 = Release|x64
		Release|x86 = Release|x86
	EndGlobalSection
	GlobalSection(ProjectConfigurationPlatforms) = postSolution
		{AD0A5A43-D377-450D-9364-599F59ED02BD}.Debug|x64.ActiveCfg = Debug|x64
		{AD0A5A43-D377-450D-9364-599F59ED02BD}.Debug|x64.Build.0 = Debug|x64
		{AD0A5A43-D377-450D-9364-599F59ED02BD}.Debug|x86.ActiveCfg = Debug|Win32
		{AD0A5A43-D377-450D-9364-599F59ED02BD}.Debug|x86.Build.0 = Debug|Win32
		{AD0A5A43-D377-450D-9364-599F59ED02BD}.Release|x64.ActiveCfg = Release|x64
		{AD0A5A43-D377-450D-9364-599F59ED02BD}.Release|x64.Build.0 = Release|x64
		{AD0A5A43-D377-450D-9364-599F59ED02BD}.Release|x86.ActiveCfg = Release|Win32
		{AD0A5A43-D377-450D-9364-599F59ED02BD}.Release|x86.Build.0 = Release|Win32
	EndGlobalSection
	GlobalSection(SolutionProperties) = preSolution
		HideSolutionNode = FALSE
	EndGlobalSection
	GlobalSection(ExtensibilityGlobals) = postSolution
		SolutionGuid = {B1992CC3-FC57-43EF-B8F0-ECA6CAE2BE0F}
	EndGlobalSection
EndGlobal
